
Microsoft Visual Studio Solution File, Format Version 12.00
# Visual Studio Version 16
VisualStudioVersion = 16.0.31321.278
MinimumVisualStudioVersion = 10.0.40219.1
Project("{FAE04EC0-301F-11D3-BF4B-00C04F79EFBC}") = "Html", "Html\Html.csproj", "{42DE3B7F-8A1C-422D-ACAC-A6C250910AD7}"
EndProject
Project("{FAE04EC0-301F-11D3-BF4B-00C04F79EFBC}") = "CssText", "CssText\CssText.csproj", "{4B41B4CB-0E41-4471-AF05-04BD1F1E39B9}"
EndProject
Project("{FAE04EC0-301F-11D3-BF4B-00C04F79EFBC}") = "CssTable", "CssTable\CssTable.csproj", "{2155366F-F52E-4BB0-8EAC-E4178A2165D1}"
EndProject
Project("{FAE04EC0-301F-11D3-BF4B-00C04F79EFBC}") = "CssForm", "CssForm\CssForm.csproj", "{C1B48E15-6BB5-474A-86D1-9697CA17F83A}"
EndProject
Project("{FAE04EC0-301F-11D3-BF4B-00C04F79EFBC}") = "WorkWithArrays", "WorkWithArrays\WorkWithArrays.csproj", "{BA7109DE-6357-4365-9229-2940489C791E}"
EndProject
Global
	GlobalSection(SolutionConfigurationPlatforms) = preSolution
		Debug|Any CPU = Debug|Any CPU
		Release|Any CPU = Release|Any CPU
	EndGlobalSection
	GlobalSection(ProjectConfigurationPlatforms) = postSolution
		{42DE3B7F-8A1C-422D-ACAC-A6C250910AD7}.Debug|Any CPU.ActiveCfg = Debug|Any CPU
		{42DE3B7F-8A1C-422D-ACAC-A6C250910AD7}.Debug|Any CPU.Build.0 = Debug|Any CPU
		{42DE3B7F-8A1C-422D-ACAC-A6C250910AD7}.Release|Any CPU.ActiveCfg = Release|Any CPU
		{42DE3B7F-8A1C-422D-ACAC-A6C250910AD7}.Release|Any CPU.Build.0 = Release|Any CPU
		{4B41B4CB-0E41-4471-AF05-04BD1F1E39B9}.Debug|Any CPU.ActiveCfg = Debug|Any CPU
		{4B41B4CB-0E41-4471-AF05-04BD1F1E39B9}.Debug|Any CPU.Build.0 = Debug|Any CPU
		{4B41B4CB-0E41-4471-AF05-04BD1F1E39B9}.Release|Any CPU.ActiveCfg = Release|Any CPU
		{4B41B4CB-0E41-4471-AF05-04BD1F1E39B9}.Release|Any CPU.Build.0 = Release|Any CPU
		{2155366F-F52E-4BB0-8EAC-E4178A2165D1}.Debug|Any CPU.ActiveCfg = Debug|Any CPU
		{2155366F-F52E-4BB0-8EAC-E4178A2165D1}.Debug|Any CPU.Build.0 = Debug|Any CPU
		{2155366F-F52E-4BB0-8EAC-E4178A2165D1}.Release|Any CPU.ActiveCfg = Release|Any CPU
		{2155366F-F52E-4BB0-8EAC-E4178A2165D1}.Release|Any CPU.Build.0 = Release|Any CPU
		{C1B48E15-6BB5-474A-86D1-9697CA17F83A}.Debug|Any CPU.ActiveCfg = Debug|Any CPU
		{C1B48E15-6BB5-474A-86D1-9697CA17F83A}.Debug|Any CPU.Build.0 = Debug|Any CPU
		{C1B48E15-6BB5-474A-86D1-9697CA17F83A}.Release|Any CPU.ActiveCfg = Release|Any CPU
		{C1B48E15-6BB5-474A-86D1-9697CA17F83A}.Release|Any CPU.Build.0 = Release|Any CPU
		{BA7109DE-6357-4365-9229-2940489C791E}.Debug|Any CPU.ActiveCfg = Debug|Any CPU
		{BA7109DE-6357-4365-9229-2940489C791E}.Debug|Any CPU.Build.0 = Debug|Any CPU
		{BA7109DE-6357-4365-9229-2940489C791E}.Release|Any CPU.ActiveCfg = Release|Any CPU
		{BA7109DE-6357-4365-9229-2940489C791E}.Release|Any CPU.Build.0 = Release|Any CPU
	EndGlobalSection
	GlobalSection(SolutionProperties) = preSolution
		HideSolutionNode = FALSE
	EndGlobalSection
	GlobalSection(ExtensibilityGlobals) = postSolution
		SolutionGuid = {40C37022-475C-4478-B207-23F960ABA3C8}
	EndGlobalSection
EndGlobal
